
Microsoft Visual Studio Solution File, Format Version 12.00
# Visual Studio Version 17
VisualStudioVersion = 17.11.35312.102
MinimumVisualStudioVersion = 10.0.40219.1
Project("{FAE04EC0-301F-11D3-BF4B-00C04F79EFBC}") = "GeographicObjectsApp(Homework 4.3)", "GeographicObjectsApp(Homework 4.3).csproj", "{828271ED-1615-49D3-B153-9CA0D108B576}"
EndProject
Global
	GlobalSection(SolutionConfigurationPlatforms) = preSolution
		Debug|Any CPU = Debug|Any CPU
		Release|Any CPU = Release|Any CPU
	EndGlobalSection
	GlobalSection(ProjectConfigurationPlatforms) = postSolution
		{828271ED-1615-49D3-B153-9CA0D108B576}.Debug|Any CPU.ActiveCfg = Debug|Any CPU
		{828271ED-1615-49D3-B153-9CA0D108B576}.Debug|Any CPU.Build.0 = Debug|Any CPU
		{828271ED-1615-49D3-B153-9CA0D108B576}.Release|Any CPU.ActiveCfg = Release|Any CPU
		{828271ED-1615-49D3-B153-9CA0D108B576}.Release|Any CPU.Build.0 = Release|Any CPU
	EndGlobalSection
	GlobalSection(SolutionProperties) = preSolution
		HideSolutionNode = FALSE
	EndGlobalSection
	GlobalSection(ExtensibilityGlobals) = postSolution
		SolutionGuid = {037D950D-28F5-44AA-9A33-B9A85422E1E9}
	EndGlobalSection
EndGlobal
